
Microsoft Visual Studio Solution File, Format Version 12.00
# Visual Studio Version 17
VisualStudioVersion = 17.5.002.0
MinimumVisualStudioVersion = 10.0.40219.1
Project("{9A19103F-16F7-4668-BE54-9A1E7A4F7556}") = "ChocolateStores", "ChocolateStores.csproj", "{DF99D87A-7C74-408B-A168-586F5CA49DE6}"
EndProject
Global
	GlobalSection(SolutionConfigurationPlatforms) = preSolution
		Debug|Any CPU = Debug|Any CPU
		Release|Any CPU = Release|Any CPU
	EndGlobalSection
	GlobalSection(ProjectConfigurationPlatforms) = postSolution
		{DF99D87A-7C74-408B-A168-586F5CA49DE6}.Debug|Any CPU.ActiveCfg = Debug|Any CPU
		{DF99D87A-7C74-408B-A168-586F5CA49DE6}.Debug|Any CPU.Build.0 = Debug|Any CPU
		{DF99D87A-7C74-408B-A168-586F5CA49DE6}.Release|Any CPU.ActiveCfg = Release|Any CPU
		{DF99D87A-7C74-408B-A168-586F5CA49DE6}.Release|Any CPU.Build.0 = Release|Any CPU
	EndGlobalSection
	GlobalSection(SolutionProperties) = preSolution
		HideSolutionNode = FALSE
	EndGlobalSection
	GlobalSection(ExtensibilityGlobals) = postSolution
		SolutionGuid = {D36DCB7F-24B9-4F5F-95F3-C8E10800158E}
	EndGlobalSection
EndGlobal
